
Microsoft Visual Studio Solution File, Format Version 12.00
# Visual Studio Version 16
VisualStudioVersion = 16.0.31729.503
MinimumVisualStudioVersion = 10.0.40219.1
Project("{FAE04EC0-301F-11D3-BF4B-00C04F79EFBC}") = "Mars_Pro1", "Mars_Pro1.csproj", "{95E7ADB4-E045-4793-9EDF-5C8AD5736733}"
EndProject
Global
	GlobalSection(SolutionConfigurationPlatforms) = preSolution
		Debug|Any CPU = Debug|Any CPU
		Release|Any CPU = Release|Any CPU
	EndGlobalSection
	GlobalSection(ProjectConfigurationPlatforms) = postSolution
		{95E7ADB4-E045-4793-9EDF-5C8AD5736733}.Debug|Any CPU.ActiveCfg = Debug|Any CPU
		{95E7ADB4-E045-4793-9EDF-5C8AD5736733}.Debug|Any CPU.Build.0 = Debug|Any CPU
		{95E7ADB4-E045-4793-9EDF-5C8AD5736733}.Release|Any CPU.ActiveCfg = Release|Any CPU
		{95E7ADB4-E045-4793-9EDF-5C8AD5736733}.Release|Any CPU.Build.0 = Release|Any CPU
	EndGlobalSection
	GlobalSection(SolutionProperties) = preSolution
		HideSolutionNode = FALSE
	EndGlobalSection
	GlobalSection(ExtensibilityGlobals) = postSolution
		SolutionGuid = {5323133B-52D0-499B-984D-2333B9CB0F6E}
	EndGlobalSection
EndGlobal
